// !$*UTF8*$!
{
	archiveVersion = 1;
	classes = {
	};
	objectVersion = 50;
	objects = {

/* Begin PBXBuildFile section */
		59F255BFD9C055EBC911B0C7 /* Pods_Meme_Master.framework in Frameworks */ = {isa = PBXBuildFile; fileRef = C6F60F82F88D649B51B362DB /* Pods_Meme_Master.framework */; };
		671BF1C9227B867600BF8CE6 /* CollectionViewCell.swift in Sources */ = {isa = PBXBuildFile; fileRef = 671BF1C8227B867600BF8CE6 /* CollectionViewCell.swift */; };
		679BBD20227482F9000748DB /* AppDelegate.swift in Sources */ = {isa = PBXBuildFile; fileRef = 679BBD1F227482F9000748DB /* AppDelegate.swift */; };
		679BBD22227482F9000748DB /* ViewController.swift in Sources */ = {isa = PBXBuildFile; fileRef = 679BBD21227482F9000748DB /* ViewController.swift */; };
		679BBD25227482F9000748DB /* Main.storyboard in Resources */ = {isa = PBXBuildFile; fileRef = 679BBD23227482F9000748DB /* Main.storyboard */; };
		679BBD27227482FF000748DB /* Assets.xcassets in Resources */ = {isa = PBXBuildFile; fileRef = 679BBD26227482FF000748DB /* Assets.xcassets */; };
		679BBD2A227482FF000748DB /* LaunchScreen.storyboard in Resources */ = {isa = PBXBuildFile; fileRef = 679BBD28227482FF000748DB /* LaunchScreen.storyboard */; };
		67F10964228CA6B900BB437C /* Search.storyboard in Resources */ = {isa = PBXBuildFile; fileRef = 67F10963228CA6B900BB437C /* Search.storyboard */; };
		67F10966228CA6C900BB437C /* Discover.storyboard in Resources */ = {isa = PBXBuildFile; fileRef = 67F10965228CA6C900BB437C /* Discover.storyboard */; };
		67F10968228CA76300BB437C /* play.storyboard in Resources */ = {isa = PBXBuildFile; fileRef = 67F10967228CA76300BB437C /* play.storyboard */; };
		67F1099122997ACB00BB437C /* (null) in Resources */ = {isa = PBXBuildFile; };
		67F1099222997AD600BB437C /* (null) in Resources */ = {isa = PBXBuildFile; };
		67F10994229C2F0C00BB437C /* GoogleService-Info.plist in Resources */ = {isa = PBXBuildFile; fileRef = 67F10993229C2F0C00BB437C /* GoogleService-Info.plist */; };
		67F109A7229C334500BB437C /* Montserrat-Black.ttf in Resources */ = {isa = PBXBuildFile; fileRef = 67F10995229C334300BB437C /* Montserrat-Black.ttf */; };
		67F109A8229C334500BB437C /* Montserrat-Italic.ttf in Resources */ = {isa = PBXBuildFile; fileRef = 67F10996229C334300BB437C /* Montserrat-Italic.ttf */; };
		67F109A9229C334500BB437C /* Montserrat-Thin.ttf in Resources */ = {isa = PBXBuildFile; fileRef = 67F10997229C334300BB437C /* Montserrat-Thin.ttf */; };
		67F109AA229C334500BB437C /* Montserrat-ExtraLight.ttf in Resources */ = {isa = PBXBuildFile; fileRef = 67F10998229C334300BB437C /* Montserrat-ExtraLight.ttf */; };
		67F109AB229C334500BB437C /* Montserrat-ExtraBoldItalic.ttf in Resources */ = {isa = PBXBuildFile; fileRef = 67F10999229C334300BB437C /* Montserrat-ExtraBoldItalic.ttf */; };
		67F109AC229C334500BB437C /* Montserrat-MediumItalic.ttf in Resources */ = {isa = PBXBuildFile; fileRef = 67F1099A229C334300BB437C /* Montserrat-MediumItalic.ttf */; };
		67F109AD229C334500BB437C /* Montserrat-SemiBoldItalic.ttf in Resources */ = {isa = PBXBuildFile; fileRef = 67F1099B229C334300BB437C /* Montserrat-SemiBoldItalic.ttf */; };
		67F109AE229C334500BB437C /* Montserrat-BoldItalic.ttf in Resources */ = {isa = PBXBuildFile; fileRef = 67F1099C229C334400BB437C /* Montserrat-BoldItalic.ttf */; };
		67F109AF229C334500BB437C /* Montserrat-Light.ttf in Resources */ = {isa = PBXBuildFile; fileRef = 67F1099D229C334400BB437C /* Montserrat-Light.ttf */; };
		67F109B0229C334500BB437C /* Montserrat-Medium.ttf in Resources */ = {isa = PBXBuildFile; fileRef = 67F1099E229C334400BB437C /* Montserrat-Medium.ttf */; };
		67F109B1229C334500BB437C /* Montserrat-BlackItalic.ttf in Resources */ = {isa = PBXBuildFile; fileRef = 67F1099F229C334400BB437C /* Montserrat-BlackItalic.ttf */; };
		67F109B2229C334500BB437C /* Montserrat-ThinItalic.ttf in Resources */ = {isa = PBXBuildFile; fileRef = 67F109A0229C334400BB437C /* Montserrat-ThinItalic.ttf */; };
		67F109B3229C334500BB437C /* Montserrat-LightItalic.ttf in Resources */ = {isa = PBXBuildFile; fileRef = 67F109A1229C334400BB437C /* Montserrat-LightItalic.ttf */; };
		67F109B4229C334500BB437C /* Montserrat-Bold.ttf in Resources */ = {isa = PBXBuildFile; fileRef = 67F109A2229C334400BB437C /* Montserrat-Bold.ttf */; };
		67F109B5229C334500BB437C /* Montserrat-ExtraLightItalic.ttf in Resources */ = {isa = PBXBuildFile; fileRef = 67F109A3229C334400BB437C /* Montserrat-ExtraLightItalic.ttf */; };
		67F109B6229C334500BB437C /* Montserrat-ExtraBold.ttf in Resources */ = {isa = PBXBuildFile; fileRef = 67F109A4229C334400BB437C /* Montserrat-ExtraBold.ttf */; };
		67F109B7229C334500BB437C /* Montserrat-Regular.ttf in Resources */ = {isa = PBXBuildFile; fileRef = 67F109A5229C334400BB437C /* Montserrat-Regular.ttf */; };
		67F109B8229C334500BB437C /* Montserrat-SemiBold.ttf in Resources */ = {isa = PBXBuildFile; fileRef = 67F109A6229C334400BB437C /* Montserrat-SemiBold.ttf */; };
		67F109BE229C36F800BB437C /* BebasNeue-Light.ttf in Resources */ = {isa = PBXBuildFile; fileRef = 67F109B9229C36F700BB437C /* BebasNeue-Light.ttf */; };
		67F109BF229C36F800BB437C /* BebasNeue-Thin.ttf in Resources */ = {isa = PBXBuildFile; fileRef = 67F109BA229C36F700BB437C /* BebasNeue-Thin.ttf */; };
		67F109C0229C36F800BB437C /* BebasNeue-Bold.ttf in Resources */ = {isa = PBXBuildFile; fileRef = 67F109BB229C36F800BB437C /* BebasNeue-Bold.ttf */; };
		67F109C1229C36F800BB437C /* BebasNeue-Book.ttf in Resources */ = {isa = PBXBuildFile; fileRef = 67F109BC229C36F800BB437C /* BebasNeue-Book.ttf */; };
		67F109C2229C36F800BB437C /* BebasNeue-Regular.ttf in Resources */ = {isa = PBXBuildFile; fileRef = 67F109BD229C36F800BB437C /* BebasNeue-Regular.ttf */; };
/* End PBXBuildFile section */

/* Begin PBXFileReference section */
		671BF1C8227B867600BF8CE6 /* CollectionViewCell.swift */ = {isa = PBXFileReference; lastKnownFileType = sourcecode.swift; path = CollectionViewCell.swift; sourceTree = "<group>"; };
		679BBD1C227482F9000748DB /* Meme-Master.app */ = {isa = PBXFileReference; explicitFileType = wrapper.application; includeInIndex = 0; path = "Meme-Master.app"; sourceTree = BUILT_PRODUCTS_DIR; };
		679BBD1F227482F9000748DB /* AppDelegate.swift */ = {isa = PBXFileReference; lastKnownFileType = sourcecode.swift; path = AppDelegate.swift; sourceTree = "<group>"; };
		679BBD21227482F9000748DB /* ViewController.swift */ = {isa = PBXFileReference; lastKnownFileType = sourcecode.swift; path = ViewController.swift; sourceTree = "<group>"; };
		679BBD24227482F9000748DB /* Base */ = {isa = PBXFileReference; lastKnownFileType = file.storyboard; name = Base; path = Base.lproj/Main.storyboard; sourceTree = "<group>"; };
		679BBD26227482FF000748DB /* Assets.xcassets */ = {isa = PBXFileReference; lastKnownFileType = folder.assetcatalog; path = Assets.xcassets; sourceTree = "<group>"; };
		679BBD29227482FF000748DB /* Base */ = {isa = PBXFileReference; lastKnownFileType = file.storyboard; name = Base; path = Base.lproj/LaunchScreen.storyboard; sourceTree = "<group>"; };
		679BBD2B227482FF000748DB /* Info.plist */ = {isa = PBXFileReference; lastKnownFileType = text.plist.xml; path = Info.plist; sourceTree = "<group>"; };
		67F10963228CA6B900BB437C /* Search.storyboard */ = {isa = PBXFileReference; lastKnownFileType = file.storyboard; path = Search.storyboard; sourceTree = "<group>"; };
		67F10965228CA6C900BB437C /* Discover.storyboard */ = {isa = PBXFileReference; lastKnownFileType = file.storyboard; path = Discover.storyboard; sourceTree = "<group>"; };
		67F10967228CA76300BB437C /* play.storyboard */ = {isa = PBXFileReference; lastKnownFileType = file.storyboard; path = play.storyboard; sourceTree = "<group>"; };
		67F10993229C2F0C00BB437C /* GoogleService-Info.plist */ = {isa = PBXFileReference; fileEncoding = 4; lastKnownFileType = text.plist.xml; name = "GoogleService-Info.plist"; path = "../../../Downloads/GoogleService-Info.plist"; sourceTree = "<group>"; };
		67F10995229C334300BB437C /* Montserrat-Black.ttf */ = {isa = PBXFileReference; lastKnownFileType = file; name = "Montserrat-Black.ttf"; path = "../../../../Downloads/Montserrat/Montserrat-Black.ttf"; sourceTree = "<group>"; };
		67F10996229C334300BB437C /* Montserrat-Italic.ttf */ = {isa = PBXFileReference; lastKnownFileType = file; name = "Montserrat-Italic.ttf"; path = "../../../../Downloads/Montserrat/Montserrat-Italic.ttf"; sourceTree = "<group>"; };
		67F10997229C334300BB437C /* Montserrat-Thin.ttf */ = {isa = PBXFileReference; lastKnownFileType = file; name = "Montserrat-Thin.ttf"; path = "../../../../Downloads/Montserrat/Montserrat-Thin.ttf"; sourceTree = "<group>"; };
		67F10998229C334300BB437C /* Montserrat-ExtraLight.ttf */ = {isa = PBXFileReference; lastKnownFileType = file; name = "Montserrat-ExtraLight.ttf"; path = "../../../../Downloads/Montserrat/Montserrat-ExtraLight.ttf"; sourceTree = "<group>"; };
		67F10999229C334300BB437C /* Montserrat-ExtraBoldItalic.ttf */ = {isa = PBXFileReference; lastKnownFileType = file; name = "Montserrat-ExtraBoldItalic.ttf"; path = "../../../../Downloads/Montserrat/Montserrat-ExtraBoldItalic.ttf"; sourceTree = "<group>"; };
		67F1099A229C334300BB437C /* Montserrat-MediumItalic.ttf */ = {isa = PBXFileReference; lastKnownFileType = file; name = "Montserrat-MediumItalic.ttf"; path = "../../../../Downloads/Montserrat/Montserrat-MediumItalic.ttf"; sourceTree = "<group>"; };
		67F1099B229C334300BB437C /* Montserrat-SemiBoldItalic.ttf */ = {isa = PBXFileReference; lastKnownFileType = file; name = "Montserrat-SemiBoldItalic.ttf"; path = "../../../../Downloads/Montserrat/Montserrat-SemiBoldItalic.ttf"; sourceTree = "<group>"; };
		67F1099C229C334400BB437C /* Montserrat-BoldItalic.ttf */ = {isa = PBXFileReference; lastKnownFileType = file; name = "Montserrat-BoldItalic.ttf"; path = "../../../../Downloads/Montserrat/Montserrat-BoldItalic.ttf"; sourceTree = "<group>"; };
		67F1099D229C334400BB437C /* Montserrat-Light.ttf */ = {isa = PBXFileReference; lastKnownFileType = file; name = "Montserrat-Light.ttf"; path = "../../../../Downloads/Montserrat/Montserrat-Light.ttf"; sourceTree = "<group>"; };
		67F1099E229C334400BB437C /* Montserrat-Medium.ttf */ = {isa = PBXFileReference; lastKnownFileType = file; name = "Montserrat-Medium.ttf"; path = "../../../../Downloads/Montserrat/Montserrat-Medium.ttf"; sourceTree = "<group>"; };
		67F1099F229C334400BB437C /* Montserrat-BlackItalic.ttf */ = {isa = PBXFileReference; lastKnownFileType = file; name = "Montserrat-BlackItalic.ttf"; path = "../../../../Downloads/Montserrat/Montserrat-BlackItalic.ttf"; sourceTree = "<group>"; };
		67F109A0229C334400BB437C /* Montserrat-ThinItalic.ttf */ = {isa = PBXFileReference; lastKnownFileType = file; name = "Montserrat-ThinItalic.ttf"; path = "../../../../Downloads/Montserrat/Montserrat-ThinItalic.ttf"; sourceTree = "<group>"; };
		67F109A1229C334400BB437C /* Montserrat-LightItalic.ttf */ = {isa = PBXFileReference; lastKnownFileType = file; name = "Montserrat-LightItalic.ttf"; path = "../../../../Downloads/Montserrat/Montserrat-LightItalic.ttf"; sourceTree = "<group>"; };
		67F109A2229C334400BB437C /* Montserrat-Bold.ttf */ = {isa = PBXFileReference; lastKnownFileType = file; name = "Montserrat-Bold.ttf"; path = "../../../../Downloads/Montserrat/Montserrat-Bold.ttf"; sourceTree = "<group>"; };
		67F109A3229C334400BB437C /* Montserrat-ExtraLightItalic.ttf */ = {isa = PBXFileReference; lastKnownFileType = file; name = "Montserrat-ExtraLightItalic.ttf"; path = "../../../../Downloads/Montserrat/Montserrat-ExtraLightItalic.ttf"; sourceTree = "<group>"; };
		67F109A4229C334400BB437C /* Montserrat-ExtraBold.ttf */ = {isa = PBXFileReference; lastKnownFileType = file; name = "Montserrat-ExtraBold.ttf"; path = "../../../../Downloads/Montserrat/Montserrat-ExtraBold.ttf"; sourceTree = "<group>"; };
		67F109A5229C334400BB437C /* Montserrat-Regular.ttf */ = {isa = PBXFileReference; lastKnownFileType = file; name = "Montserrat-Regular.ttf"; path = "../../../../Downloads/Montserrat/Montserrat-Regular.ttf"; sourceTree = "<group>"; };
		67F109A6229C334400BB437C /* Montserrat-SemiBold.ttf */ = {isa = PBXFileReference; lastKnownFileType = file; name = "Montserrat-SemiBold.ttf"; path = "../../../../Downloads/Montserrat/Montserrat-SemiBold.ttf"; sourceTree = "<group>"; };
		67F109B9229C36F700BB437C /* BebasNeue-Light.ttf */ = {isa = PBXFileReference; lastKnownFileType = file; name = "BebasNeue-Light.ttf"; path = "../../../../Downloads/bebas_neue/TTF's/BebasNeue-Light.ttf"; sourceTree = "<group>"; };
		67F109BA229C36F700BB437C /* BebasNeue-Thin.ttf */ = {isa = PBXFileReference; lastKnownFileType = file; name = "BebasNeue-Thin.ttf"; path = "../../../../Downloads/bebas_neue/TTF's/BebasNeue-Thin.ttf"; sourceTree = "<group>"; };
		67F109BB229C36F800BB437C /* BebasNeue-Bold.ttf */ = {isa = PBXFileReference; lastKnownFileType = file; name = "BebasNeue-Bold.ttf"; path = "../../../../Downloads/bebas_neue/TTF's/BebasNeue-Bold.ttf"; sourceTree = "<group>"; };
		67F109BC229C36F800BB437C /* BebasNeue-Book.ttf */ = {isa = PBXFileReference; lastKnownFileType = file; name = "BebasNeue-Book.ttf"; path = "../../../../Downloads/bebas_neue/TTF's/BebasNeue-Book.ttf"; sourceTree = "<group>"; };
		67F109BD229C36F800BB437C /* BebasNeue-Regular.ttf */ = {isa = PBXFileReference; lastKnownFileType = file; name = "BebasNeue-Regular.ttf"; path = "../../../../Downloads/bebas_neue/TTF's/BebasNeue-Regular.ttf"; sourceTree = "<group>"; };
		AA0324CEDCDEF2F86567A111 /* Pods-Meme-Master.debug.xcconfig */ = {isa = PBXFileReference; includeInIndex = 1; lastKnownFileType = text.xcconfig; name = "Pods-Meme-Master.debug.xcconfig"; path = "Target Support Files/Pods-Meme-Master/Pods-Meme-Master.debug.xcconfig"; sourceTree = "<group>"; };
		B02B1A045181E829D9631E93 /* Pods-Meme-Master.release.xcconfig */ = {isa = PBXFileReference; includeInIndex = 1; lastKnownFileType = text.xcconfig; name = "Pods-Meme-Master.release.xcconfig"; path = "Target Support Files/Pods-Meme-Master/Pods-Meme-Master.release.xcconfig"; sourceTree = "<group>"; };
		C6F60F82F88D649B51B362DB /* Pods_Meme_Master.framework */ = {isa = PBXFileReference; explicitFileType = wrapper.framework; includeInIndex = 0; path = Pods_Meme_Master.framework; sourceTree = BUILT_PRODUCTS_DIR; };
/* End PBXFileReference section */

/* Begin PBXFrameworksBuildPhase section */
		679BBD19227482F9000748DB /* Frameworks */ = {
			isa = PBXFrameworksBuildPhase;
			buildActionMask = 2147483647;
			files = (
				59F255BFD9C055EBC911B0C7 /* Pods_Meme_Master.framework in Frameworks */,
			);
			runOnlyForDeploymentPostprocessing = 0;
		};
/* End PBXFrameworksBuildPhase section */

/* Begin PBXGroup section */
		671BF1BE227B70B200BF8CE6 /* Fonts */ = {
			isa = PBXGroup;
			children = (
				67F10995229C334300BB437C /* Montserrat-Black.ttf */,
				67F1099F229C334400BB437C /* Montserrat-BlackItalic.ttf */,
				67F109A2229C334400BB437C /* Montserrat-Bold.ttf */,
				67F1099C229C334400BB437C /* Montserrat-BoldItalic.ttf */,
				67F109A4229C334400BB437C /* Montserrat-ExtraBold.ttf */,
				67F10999229C334300BB437C /* Montserrat-ExtraBoldItalic.ttf */,
				67F10998229C334300BB437C /* Montserrat-ExtraLight.ttf */,
				67F109A3229C334400BB437C /* Montserrat-ExtraLightItalic.ttf */,
				67F10996229C334300BB437C /* Montserrat-Italic.ttf */,
				67F1099D229C334400BB437C /* Montserrat-Light.ttf */,
				67F109A1229C334400BB437C /* Montserrat-LightItalic.ttf */,
				67F1099E229C334400BB437C /* Montserrat-Medium.ttf */,
				67F1099A229C334300BB437C /* Montserrat-MediumItalic.ttf */,
				67F109A5229C334400BB437C /* Montserrat-Regular.ttf */,
				67F109A6229C334400BB437C /* Montserrat-SemiBold.ttf */,
				67F1099B229C334300BB437C /* Montserrat-SemiBoldItalic.ttf */,
				67F10997229C334300BB437C /* Montserrat-Thin.ttf */,
				67F109A0229C334400BB437C /* Montserrat-ThinItalic.ttf */,
				67F109BB229C36F800BB437C /* BebasNeue-Bold.ttf */,
				67F109BC229C36F800BB437C /* BebasNeue-Book.ttf */,
				67F109B9229C36F700BB437C /* BebasNeue-Light.ttf */,
				67F109BD229C36F800BB437C /* BebasNeue-Regular.ttf */,
				67F109BA229C36F700BB437C /* BebasNeue-Thin.ttf */,
			);
			path = Fonts;
			sourceTree = "<group>";
		};
		679BBD13227482F9000748DB = {
			isa = PBXGroup;
			children = (
				679BBD1E227482F9000748DB /* Meme-Master */,
				679BBD1D227482F9000748DB /* Products */,
				8492D1CE59001EF88E47B4CF /* Pods */,
				A6F98ACE76CB4E3EEB8141B4 /* Frameworks */,
			);
			sourceTree = "<group>";
		};
		679BBD1D227482F9000748DB /* Products */ = {
			isa = PBXGroup;
			children = (
				679BBD1C227482F9000748DB /* Meme-Master.app */,
			);
			name = Products;
			sourceTree = "<group>";
		};
		679BBD1E227482F9000748DB /* Meme-Master */ = {
			isa = PBXGroup;
			children = (
				67F10962228CA65E00BB437C /* Storyboards */,
				679BBD1F227482F9000748DB /* AppDelegate.swift */,
				679BBD21227482F9000748DB /* ViewController.swift */,
				671BF1C8227B867600BF8CE6 /* CollectionViewCell.swift */,
				679BBD26227482FF000748DB /* Assets.xcassets */,
				679BBD28227482FF000748DB /* LaunchScreen.storyboard */,
				679BBD2B227482FF000748DB /* Info.plist */,
				67F10993229C2F0C00BB437C /* GoogleService-Info.plist */,
				671BF1BE227B70B200BF8CE6 /* Fonts */,
			);
			path = "Meme-Master";
			sourceTree = "<group>";
		};
		67F10962228CA65E00BB437C /* Storyboards */ = {
			isa = PBXGroup;
			children = (
				679BBD23227482F9000748DB /* Main.storyboard */,
				67F10967228CA76300BB437C /* play.storyboard */,
				67F10963228CA6B900BB437C /* Search.storyboard */,
				67F10965228CA6C900BB437C /* Discover.storyboard */,
			);
			path = Storyboards;
			sourceTree = "<group>";
		};
		8492D1CE59001EF88E47B4CF /* Pods */ = {
			isa = PBXGroup;
			children = (
				AA0324CEDCDEF2F86567A111 /* Pods-Meme-Master.debug.xcconfig */,
				B02B1A045181E829D9631E93 /* Pods-Meme-Master.release.xcconfig */,
			);
			path = Pods;
			sourceTree = "<group>";
		};
		A6F98ACE76CB4E3EEB8141B4 /* Frameworks */ = {
			isa = PBXGroup;
			children = (
				C6F60F82F88D649B51B362DB /* Pods_Meme_Master.framework */,
			);
			name = Frameworks;
			sourceTree = "<group>";
		};
/* End PBXGroup section */

/* Begin PBXNativeTarget section */
		679BBD1B227482F9000748DB /* Meme-Master */ = {
			isa = PBXNativeTarget;
			buildConfigurationList = 679BBD2E227482FF000748DB /* Build configuration list for PBXNativeTarget "Meme-Master" */;
			buildPhases = (
				E5CCDCD519A376779EB011F2 /* [CP] Check Pods Manifest.lock */,
				679BBD18227482F9000748DB /* Sources */,
				679BBD19227482F9000748DB /* Frameworks */,
				679BBD1A227482F9000748DB /* Resources */,
				4642547E2DD7F666C75C494B /* [CP] Embed Pods Frameworks */,
			);
			buildRules = (
			);
			dependencies = (
			);
			name = "Meme-Master";
			productName = "Meme-Master";
			productReference = 679BBD1C227482F9000748DB /* Meme-Master.app */;
			productType = "com.apple.product-type.application";
		};
/* End PBXNativeTarget section */

/* Begin PBXProject section */
		679BBD14227482F9000748DB /* Project object */ = {
			isa = PBXProject;
			attributes = {
				LastSwiftUpdateCheck = 1010;
				LastUpgradeCheck = 1010;
				ORGANIZATIONNAME = "Aize Igbinakenzua";
				TargetAttributes = {
					679BBD1B227482F9000748DB = {
						CreatedOnToolsVersion = 10.1;
					};
				};
			};
			buildConfigurationList = 679BBD17227482F9000748DB /* Build configuration list for PBXProject "Meme-Master" */;
			compatibilityVersion = "Xcode 9.3";
			developmentRegion = en;
			hasScannedForEncodings = 0;
			knownRegions = (
				en,
				Base,
			);
			mainGroup = 679BBD13227482F9000748DB;
			productRefGroup = 679BBD1D227482F9000748DB /* Products */;
			projectDirPath = "";
			projectRoot = "";
			targets = (
				679BBD1B227482F9000748DB /* Meme-Master */,
			);
		};
/* End PBXProject section */

/* Begin PBXResourcesBuildPhase section */
		679BBD1A227482F9000748DB /* Resources */ = {
			isa = PBXResourcesBuildPhase;
			buildActionMask = 2147483647;
			files = (
				67F109B3229C334500BB437C /* Montserrat-LightItalic.ttf in Resources */,
				67F10994229C2F0C00BB437C /* GoogleService-Info.plist in Resources */,
				67F109A7229C334500BB437C /* Montserrat-Black.ttf in Resources */,
				67F109A8229C334500BB437C /* Montserrat-Italic.ttf in Resources */,
				67F109AE229C334500BB437C /* Montserrat-BoldItalic.ttf in Resources */,
				67F109C0229C36F800BB437C /* BebasNeue-Bold.ttf in Resources */,
				67F10968228CA76300BB437C /* play.storyboard in Resources */,
				67F109B8229C334500BB437C /* Montserrat-SemiBold.ttf in Resources */,
				67F109B7229C334500BB437C /* Montserrat-Regular.ttf in Resources */,
				679BBD2A227482FF000748DB /* LaunchScreen.storyboard in Resources */,
				67F109B4229C334500BB437C /* Montserrat-Bold.ttf in Resources */,
				67F1099122997ACB00BB437C /* (null) in Resources */,
				679BBD27227482FF000748DB /* Assets.xcassets in Resources */,
				67F109C2229C36F800BB437C /* BebasNeue-Regular.ttf in Resources */,
				67F109B2229C334500BB437C /* Montserrat-ThinItalic.ttf in Resources */,
				67F1099222997AD600BB437C /* (null) in Resources */,
				67F109B0229C334500BB437C /* Montserrat-Medium.ttf in Resources */,
				67F109AA229C334500BB437C /* Montserrat-ExtraLight.ttf in Resources */,
				67F10964228CA6B900BB437C /* Search.storyboard in Resources */,
				67F109AD229C334500BB437C /* Montserrat-SemiBoldItalic.ttf in Resources */,
				67F109B1229C334500BB437C /* Montserrat-BlackItalic.ttf in Resources */,
				67F109B5229C334500BB437C /* Montserrat-ExtraLightItalic.ttf in Resources */,
				67F109AF229C334500BB437C /* Montserrat-Light.ttf in Resources */,
				67F109AC229C334500BB437C /* Montserrat-MediumItalic.ttf in Resources */,
				67F109B6229C334500BB437C /* Montserrat-ExtraBold.ttf in Resources */,
				67F109BF229C36F800BB437C /* BebasNeue-Thin.ttf in Resources */,
				67F109C1229C36F800BB437C /* BebasNeue-Book.ttf in Resources */,
				679BBD25227482F9000748DB /* Main.storyboard in Resources */,
				67F109AB229C334500BB437C /* Montserrat-ExtraBoldItalic.ttf in Resources */,
				67F109BE229C36F800BB437C /* BebasNeue-Light.ttf in Resources */,
				67F109A9229C334500BB437C /* Montserrat-Thin.ttf in Resources */,
				67F10966228CA6C900BB437C /* Discover.storyboard in Resources */,
			);
			runOnlyForDeploymentPostprocessing = 0;
		};
/* End PBXResourcesBuildPhase section */

/* Begin PBXShellScriptBuildPhase section */
		4642547E2DD7F666C75C494B /* [CP] Embed Pods Frameworks */ = {
			isa = PBXShellScriptBuildPhase;
			buildActionMask = 2147483647;
			files = (
			);
			inputFileListPaths = (
			);
			inputPaths = (
				"${PODS_ROOT}/Target Support Files/Pods-Meme-Master/Pods-Meme-Master-frameworks.sh",
				"${BUILT_PRODUCTS_DIR}/GoogleUtilities/GoogleUtilities.framework",
				"${BUILT_PRODUCTS_DIR}/Memebox-TweetsUI/Memebox_TweetsUI.framework",
				"${BUILT_PRODUCTS_DIR}/nanopb/nanopb.framework",
			);
			name = "[CP] Embed Pods Frameworks";
			outputFileListPaths = (
			);
			outputPaths = (
				"${TARGET_BUILD_DIR}/${FRAMEWORKS_FOLDER_PATH}/GoogleUtilities.framework",
				"${TARGET_BUILD_DIR}/${FRAMEWORKS_FOLDER_PATH}/Memebox_TweetsUI.framework",
				"${TARGET_BUILD_DIR}/${FRAMEWORKS_FOLDER_PATH}/nanopb.framework",
			);
			runOnlyForDeploymentPostprocessing = 0;
			shellPath = /bin/sh;
			shellScript = "\"${PODS_ROOT}/Target Support Files/Pods-Meme-Master/Pods-Meme-Master-frameworks.sh\"\n";
			showEnvVarsInLog = 0;
		};
		E5CCDCD519A376779EB011F2 /* [CP] Check Pods Manifest.lock */ = {
			isa = PBXShellScriptBuildPhase;
			buildActionMask = 2147483647;
			files = (
			);
			inputFileListPaths = (
			);
			inputPaths = (
				"${PODS_PODFILE_DIR_PATH}/Podfile.lock",
				"${PODS_ROOT}/Manifest.lock",
			);
			name = "[CP] Check Pods Manifest.lock";
			outputFileListPaths = (
			);
			outputPaths = (
				"$(DERIVED_FILE_DIR)/Pods-Meme-Master-checkManifestLockResult.txt",
			);
			runOnlyForDeploymentPostprocessing = 0;
			shellPath = /bin/sh;
			shellScript = "diff \"${PODS_PODFILE_DIR_PATH}/Podfile.lock\" \"${PODS_ROOT}/Manifest.lock\" > /dev/null\nif [ $? != 0 ] ; then\n    # print error to STDERR\n    echo \"error: The sandbox is not in sync with the Podfile.lock. Run 'pod install' or update your CocoaPods installation.\" >&2\n    exit 1\nfi\n# This output is used by Xcode 'outputs' to avoid re-running this script phase.\necho \"SUCCESS\" > \"${SCRIPT_OUTPUT_FILE_0}\"\n";
			showEnvVarsInLog = 0;
		};
/* End PBXShellScriptBuildPhase section */

/* Begin PBXSourcesBuildPhase section */
		679BBD18227482F9000748DB /* Sources */ = {
			isa = PBXSourcesBuildPhase;
			buildActionMask = 2147483647;
			files = (
				679BBD22227482F9000748DB /* ViewController.swift in Sources */,
				679BBD20227482F9000748DB /* AppDelegate.swift in Sources */,
				671BF1C9227B867600BF8CE6 /* CollectionViewCell.swift in Sources */,
			);
			runOnlyForDeploymentPostprocessing = 0;
		};
/* End PBXSourcesBuildPhase section */

/* Begin PBXVariantGroup section */
		679BBD23227482F9000748DB /* Main.storyboard */ = {
			isa = PBXVariantGroup;
			children = (
				679BBD24227482F9000748DB /* Base */,
			);
			name = Main.storyboard;
			sourceTree = "<group>";
		};
		679BBD28227482FF000748DB /* LaunchScreen.storyboard */ = {
			isa = PBXVariantGroup;
			children = (
				679BBD29227482FF000748DB /* Base */,
			);
			name = LaunchScreen.storyboard;
			sourceTree = "<group>";
		};
/* End PBXVariantGroup section */

/* Begin XCBuildConfiguration section */
		679BBD2C227482FF000748DB /* Debug */ = {
			isa = XCBuildConfiguration;
			buildSettings = {
				ALWAYS_SEARCH_USER_PATHS = NO;
				CLANG_ANALYZER_NONNULL = YES;
				CLANG_ANALYZER_NUMBER_OBJECT_CONVERSION = YES_AGGRESSIVE;
				CLANG_CXX_LANGUAGE_STANDARD = "gnu++14";
				CLANG_CXX_LIBRARY = "libc++";
				CLANG_ENABLE_MODULES = YES;
				CLANG_ENABLE_OBJC_ARC = YES;
				CLANG_ENABLE_OBJC_WEAK = YES;
				CLANG_WARN_BLOCK_CAPTURE_AUTORELEASING = YES;
				CLANG_WARN_BOOL_CONVERSION = YES;
				CLANG_WARN_COMMA = YES;
				CLANG_WARN_CONSTANT_CONVERSION = YES;
				CLANG_WARN_DEPRECATED_OBJC_IMPLEMENTATIONS = YES;
				CLANG_WARN_DIRECT_OBJC_ISA_USAGE = YES_ERROR;
				CLANG_WARN_DOCUMENTATION_COMMENTS = YES;
				CLANG_WARN_EMPTY_BODY = YES;
				CLANG_WARN_ENUM_CONVERSION = YES;
				CLANG_WARN_INFINITE_RECURSION = YES;
				CLANG_WARN_INT_CONVERSION = YES;
				CLANG_WARN_NON_LITERAL_NULL_CONVERSION = YES;
				CLANG_WARN_OBJC_IMPLICIT_RETAIN_SELF = YES;
				CLANG_WARN_OBJC_LITERAL_CONVERSION = YES;
				CLANG_WARN_OBJC_ROOT_CLASS = YES_ERROR;
				CLANG_WARN_RANGE_LOOP_ANALYSIS = YES;
				CLANG_WARN_STRICT_PROTOTYPES = YES;
				CLANG_WARN_SUSPICIOUS_MOVE = YES;
				CLANG_WARN_UNGUARDED_AVAILABILITY = YES_AGGRESSIVE;
				CLANG_WARN_UNREACHABLE_CODE = YES;
				CLANG_WARN__DUPLICATE_METHOD_MATCH = YES;
				CODE_SIGN_IDENTITY = "iPhone Developer";
				COPY_PHASE_STRIP = NO;
				DEBUG_INFORMATION_FORMAT = dwarf;
				ENABLE_STRICT_OBJC_MSGSEND = YES;
				ENABLE_TESTABILITY = YES;
				GCC_C_LANGUAGE_STANDARD = gnu11;
				GCC_DYNAMIC_NO_PIC = NO;
				GCC_NO_COMMON_BLOCKS = YES;
				GCC_OPTIMIZATION_LEVEL = 0;
				GCC_PREPROCESSOR_DEFINITIONS = (
					"DEBUG=1",
					"$(inherited)",
				);
				GCC_WARN_64_TO_32_BIT_CONVERSION = YES;
				GCC_WARN_ABOUT_RETURN_TYPE = YES_ERROR;
				GCC_WARN_UNDECLARED_SELECTOR = YES;
				GCC_WARN_UNINITIALIZED_AUTOS = YES_AGGRESSIVE;
				GCC_WARN_UNUSED_FUNCTION = YES;
				GCC_WARN_UNUSED_VARIABLE = YES;
				IPHONEOS_DEPLOYMENT_TARGET = 12.1;
				MTL_ENABLE_DEBUG_INFO = INCLUDE_SOURCE;
				MTL_FAST_MATH = YES;
				ONLY_ACTIVE_ARCH = YES;
				SDKROOT = iphoneos;
				SWIFT_ACTIVE_COMPILATION_CONDITIONS = DEBUG;
				SWIFT_OPTIMIZATION_LEVEL = "-Onone";
			};
			name = Debug;
		};
		679BBD2D227482FF000748DB /* Release */ = {
			isa = XCBuildConfiguration;
			buildSettings = {
				ALWAYS_SEARCH_USER_PATHS = NO;
				CLANG_ANALYZER_NONNULL = YES;
				CLANG_ANALYZER_NUMBER_OBJECT_CONVERSION = YES_AGGRESSIVE;
				CLANG_CXX_LANGUAGE_STANDARD = "gnu++14";
				CLANG_CXX_LIBRARY = "libc++";
				CLANG_ENABLE_MODULES = YES;
				CLANG_ENABLE_OBJC_ARC = YES;
				CLANG_ENABLE_OBJC_WEAK = YES;
				CLANG_WARN_BLOCK_CAPTURE_AUTORELEASING = YES;
				CLANG_WARN_BOOL_CONVERSION = YES;
				CLANG_WARN_COMMA = YES;
				CLANG_WARN_CONSTANT_CONVERSION = YES;
				CLANG_WARN_DEPRECATED_OBJC_IMPLEMENTATIONS = YES;
				CLANG_WARN_DIRECT_OBJC_ISA_USAGE = YES_ERROR;
				CLANG_WARN_DOCUMENTATION_COMMENTS = YES;
				CLANG_WARN_EMPTY_BODY = YES;
				CLANG_WARN_ENUM_CONVERSION = YES;
				CLANG_WARN_INFINITE_RECURSION = YES;
				CLANG_WARN_INT_CONVERSION = YES;
				CLANG_WARN_NON_LITERAL_NULL_CONVERSION = YES;
				CLANG_WARN_OBJC_IMPLICIT_RETAIN_SELF = YES;
				CLANG_WARN_OBJC_LITERAL_CONVERSION = YES;
				CLANG_WARN_OBJC_ROOT_CLASS = YES_ERROR;
				CLANG_WARN_RANGE_LOOP_ANALYSIS = YES;
				CLANG_WARN_STRICT_PROTOTYPES = YES;
				CLANG_WARN_SUSPICIOUS_MOVE = YES;
				CLANG_WARN_UNGUARDED_AVAILABILITY = YES_AGGRESSIVE;
				CLANG_WARN_UNREACHABLE_CODE = YES;
				CLANG_WARN__DUPLICATE_METHOD_MATCH = YES;
				CODE_SIGN_IDENTITY = "iPhone Developer";
				COPY_PHASE_STRIP = NO;
				DEBUG_INFORMATION_FORMAT = "dwarf-with-dsym";
				ENABLE_NS_ASSERTIONS = NO;
				ENABLE_STRICT_OBJC_MSGSEND = YES;
				GCC_C_LANGUAGE_STANDARD = gnu11;
				GCC_NO_COMMON_BLOCKS = YES;
				GCC_WARN_64_TO_32_BIT_CONVERSION = YES;
				GCC_WARN_ABOUT_RETURN_TYPE = YES_ERROR;
				GCC_WARN_UNDECLARED_SELECTOR = YES;
				GCC_WARN_UNINITIALIZED_AUTOS = YES_AGGRESSIVE;
				GCC_WARN_UNUSED_FUNCTION = YES;
				GCC_WARN_UNUSED_VARIABLE = YES;
				IPHONEOS_DEPLOYMENT_TARGET = 12.1;
				MTL_ENABLE_DEBUG_INFO = NO;
				MTL_FAST_MATH = YES;
				SDKROOT = iphoneos;
				SWIFT_COMPILATION_MODE = wholemodule;
				SWIFT_OPTIMIZATION_LEVEL = "-O";
				VALIDATE_PRODUCT = YES;
			};
			name = Release;
		};
		679BBD2F227482FF000748DB /* Debug */ = {
			isa = XCBuildConfiguration;
			baseConfigurationReference = AA0324CEDCDEF2F86567A111 /* Pods-Meme-Master.debug.xcconfig */;
			buildSettings = {
				ASSETCATALOG_COMPILER_APPICON_NAME = AppIcon;
				CODE_SIGN_STYLE = Automatic;
				DEVELOPMENT_TEAM = H8F484VNTV;
				INFOPLIST_FILE = "Meme-Master/Info.plist";
				IPHONEOS_DEPLOYMENT_TARGET = 10.0;
				LD_RUNPATH_SEARCH_PATHS = (
					"$(inherited)",
					"@executable_path/Frameworks",
				);
				PRODUCT_BUNDLE_IDENTIFIER = "com.aizeakenzua.Meme-Master";
				PRODUCT_NAME = "$(TARGET_NAME)";
				SWIFT_VERSION = 4.2;
				TARGETED_DEVICE_FAMILY = "1,2";
			};
			name = Debug;
		};
		679BBD30227482FF000748DB /* Release */ = {
			isa = XCBuildConfiguration;
			baseConfigurationReference = B02B1A045181E829D9631E93 /* Pods-Meme-Master.release.xcconfig */;
			buildSettings = {
				ASSETCATALOG_COMPILER_APPICON_NAME = AppIcon;
				CODE_SIGN_STYLE = Automatic;
				DEVELOPMENT_TEAM = H8F484VNTV;
				INFOPLIST_FILE = "Meme-Master/Info.plist";
				IPHONEOS_DEPLOYMENT_TARGET = 10.0;
				LD_RUNPATH_SEARCH_PATHS = (
					"$(inherited)",
					"@executable_path/Frameworks",
				);
				PRODUCT_BUNDLE_IDENTIFIER = "com.aizeakenzua.Meme-Master";
				PRODUCT_NAME = "$(TARGET_NAME)";
				SWIFT_VERSION = 4.2;
				TARGETED_DEVICE_FAMILY = "1,2";
			};
			name = Release;
		};
/* End XCBuildConfiguration section */

/* Begin XCConfigurationList section */
		679BBD17227482F9000748DB /* Build configuration list for PBXProject "Meme-Master" */ = {
			isa = XCConfigurationList;
			buildConfigurations = (
				679BBD2C227482FF000748DB /* Debug */,
				679BBD2D227482FF000748DB /* Release */,
			);
			defaultConfigurationIsVisible = 0;
			defaultConfigurationName = Release;
		};
		679BBD2E227482FF000748DB /* Build configuration list for PBXNativeTarget "Meme-Master" */ = {
			isa = XCConfigurationList;
			buildConfigurations = (
				679BBD2F227482FF000748DB /* Debug */,
				679BBD30227482FF000748DB /* Release */,
			);
			defaultConfigurationIsVisible = 0;
			defaultConfigurationName = Release;
		};
/* End XCConfigurationList section */
	};
	rootObject = 679BBD14227482F9000748DB /* Project object */;
}
